
Microsoft Visual Studio Solution File, Format Version 12.00
# Visual Studio Version 17
VisualStudioVersion = 17.10.35027.167
MinimumVisualStudioVersion = 10.0.40219.1
Project("{FAE04EC0-301F-11D3-BF4B-00C04F79EFBC}") = "3D Dynmaic Squares", "3D Dynmaic Squares\3D Dynmaic Squares.csproj", "{EBB174FA-688F-45B6-9A00-173DA9C6E3E7}"
EndProject
Global
	GlobalSection(SolutionConfigurationPlatforms) = preSolution
		Debug|Any CPU = Debug|Any CPU
		Release|Any CPU = Release|Any CPU
	EndGlobalSection
	GlobalSection(ProjectConfigurationPlatforms) = postSolution
		{EBB174FA-688F-45B6-9A00-173DA9C6E3E7}.Debug|Any CPU.ActiveCfg = Debug|Any CPU
		{EBB174FA-688F-45B6-9A00-173DA9C6E3E7}.Debug|Any CPU.Build.0 = Debug|Any CPU
		{EBB174FA-688F-45B6-9A00-173DA9C6E3E7}.Release|Any CPU.ActiveCfg = Release|Any CPU
		{EBB174FA-688F-45B6-9A00-173DA9C6E3E7}.Release|Any CPU.Build.0 = Release|Any CPU
	EndGlobalSection
	GlobalSection(SolutionProperties) = preSolution
		HideSolutionNode = FALSE
	EndGlobalSection
	GlobalSection(ExtensibilityGlobals) = postSolution
		SolutionGuid = {D564D5AE-6D0D-4B0B-B5CC-47D364CCA3A2}
	EndGlobalSection
EndGlobal
